# This file is automatically @generated by Poetry 1.8.3 and should not be changed by hand.

[[package]]
name = "jax"
version = "0.4.30"
description = "Differentiate, compile, and transform Numpy code."
optional = false
python-versions = "*"
files = []

[[package]]
name = "jaxlib"
version = "0.4.30"
description = "XLA library for JAX"
optional = false
python-versions = "*"
files = []

[[package]]
name = "mypy"
version = "1.10.1"
description = "Optional static typing for Python"
optional = false
python-versions = "*"
files = []

[[package]]
name = "numpy"
version = "2.0.0"
description = "Fundamental package for array computing in Python"
optional = false
python-versions = "*"
files = []

[[package]]
name = "pandas"
version = "2.2.2"
description = "Powerful data structures for data analysis, time series, and statistics"
optional = false
python-versions = "*"
files = []

[[package]]
name = "pytest"
version = "8.2.2"
description = "pytest: simple powerful testing with Python"
optional = false
python-versions = "*"
files = []

[[package]]
name = "pytest-cov"
version = "5.0.0"
description = "Pytest plugin for measuring coverage."
optional = false
python-versions = "*"
files = []

[metadata]
lock-version = "2.0"
python-versions = "^3.12"
content-hash = "9cbf860d12a40ee20da3153564f55ca17e8eba149462af906d612dcb977aaad2"
